
Microsoft Visual Studio Solution File, Format Version 12.00
# Visual Studio 15
VisualStudioVersion = 15.0.26430.12
MinimumVisualStudioVersion = 10.0.40219.1
Project("{FAE04EC0-301F-11D3-BF4B-00C04F79EFBC}") = "Entidades.Logica", "Entidades\Entidades.Logica.csproj", "{F12699D2-7F43-4C8A-A433-EF6B879B1EF1}"
EndProject
Project("{FAE04EC0-301F-11D3-BF4B-00C04F79EFBC}") = "UserInterface", "UserInterface\UserInterface.csproj", "{C12B8D58-C03B-4BB4-8036-99D9401DB593}"
EndProject
Project("{FAE04EC0-301F-11D3-BF4B-00C04F79EFBC}") = "UnitTestProject2", "UnitTestProject2\UnitTestProject2.csproj", "{15E76AFC-2205-4A63-93AC-CEE164E481A5}"
EndProject
Global
	GlobalSection(SolutionConfigurationPlatforms) = preSolution
		Debug|Any CPU = Debug|Any CPU
		Debug|ARM = Debug|ARM
		Debug|x64 = Debug|x64
		Debug|x86 = Debug|x86
		Release|Any CPU = Release|Any CPU
		Release|ARM = Release|ARM
		Release|x64 = Release|x64
		Release|x86 = Release|x86
	EndGlobalSection
	GlobalSection(ProjectConfigurationPlatforms) = postSolution
		{F12699D2-7F43-4C8A-A433-EF6B879B1EF1}.Debug|Any CPU.ActiveCfg = Debug|Any CPU
		{F12699D2-7F43-4C8A-A433-EF6B879B1EF1}.Debug|Any CPU.Build.0 = Debug|Any CPU
		{F12699D2-7F43-4C8A-A433-EF6B879B1EF1}.Debug|ARM.ActiveCfg = Debug|Any CPU
		{F12699D2-7F43-4C8A-A433-EF6B879B1EF1}.Debug|ARM.Build.0 = Debug|Any CPU
		{F12699D2-7F43-4C8A-A433-EF6B879B1EF1}.Debug|x64.ActiveCfg = Debug|Any CPU
		{F12699D2-7F43-4C8A-A433-EF6B879B1EF1}.Debug|x64.Build.0 = Debug|Any CPU
		{F12699D2-7F43-4C8A-A433-EF6B879B1EF1}.Debug|x86.ActiveCfg = Debug|Any CPU
		{F12699D2-7F43-4C8A-A433-EF6B879B1EF1}.Debug|x86.Build.0 = Debug|Any CPU
		{F12699D2-7F43-4C8A-A433-EF6B879B1EF1}.Release|Any CPU.ActiveCfg = Release|Any CPU
		{F12699D2-7F43-4C8A-A433-EF6B879B1EF1}.Release|Any CPU.Build.0 = Release|Any CPU
		{F12699D2-7F43-4C8A-A433-EF6B879B1EF1}.Release|ARM.ActiveCfg = Release|Any CPU
		{F12699D2-7F43-4C8A-A433-EF6B879B1EF1}.Release|ARM.Build.0 = Release|Any CPU
		{F12699D2-7F43-4C8A-A433-EF6B879B1EF1}.Release|x64.ActiveCfg = Release|Any CPU
		{F12699D2-7F43-4C8A-A433-EF6B879B1EF1}.Release|x64.Build.0 = Release|Any CPU
		{F12699D2-7F43-4C8A-A433-EF6B879B1EF1}.Release|x86.ActiveCfg = Release|Any CPU
		{F12699D2-7F43-4C8A-A433-EF6B879B1EF1}.Release|x86.Build.0 = Release|Any CPU
		{C12B8D58-C03B-4BB4-8036-99D9401DB593}.Debug|Any CPU.ActiveCfg = Debug|Any CPU
		{C12B8D58-C03B-4BB4-8036-99D9401DB593}.Debug|Any CPU.Build.0 = Debug|Any CPU
		{C12B8D58-C03B-4BB4-8036-99D9401DB593}.Debug|ARM.ActiveCfg = Debug|Any CPU
		{C12B8D58-C03B-4BB4-8036-99D9401DB593}.Debug|ARM.Build.0 = Debug|Any CPU
		{C12B8D58-C03B-4BB4-8036-99D9401DB593}.Debug|x64.ActiveCfg = Debug|Any CPU
		{C12B8D58-C03B-4BB4-8036-99D9401DB593}.Debug|x64.Build.0 = Debug|Any CPU
		{C12B8D58-C03B-4BB4-8036-99D9401DB593}.Debug|x86.ActiveCfg = Debug|Any CPU
		{C12B8D58-C03B-4BB4-8036-99D9401DB593}.Debug|x86.Build.0 = Debug|Any CPU
		{C12B8D58-C03B-4BB4-8036-99D9401DB593}.Release|Any CPU.ActiveCfg = Release|Any CPU
		{C12B8D58-C03B-4BB4-8036-99D9401DB593}.Release|Any CPU.Build.0 = Release|Any CPU
		{C12B8D58-C03B-4BB4-8036-99D9401DB593}.Release|ARM.ActiveCfg = Release|Any CPU
		{C12B8D58-C03B-4BB4-8036-99D9401DB593}.Release|ARM.Build.0 = Release|Any CPU
		{C12B8D58-C03B-4BB4-8036-99D9401DB593}.Release|x64.ActiveCfg = Release|Any CPU
		{C12B8D58-C03B-4BB4-8036-99D9401DB593}.Release|x64.Build.0 = Release|Any CPU
		{C12B8D58-C03B-4BB4-8036-99D9401DB593}.Release|x86.ActiveCfg = Release|Any CPU
		{C12B8D58-C03B-4BB4-8036-99D9401DB593}.Release|x86.Build.0 = Release|Any CPU
		{15E76AFC-2205-4A63-93AC-CEE164E481A5}.Debug|Any CPU.ActiveCfg = Debug|Any CPU
		{15E76AFC-2205-4A63-93AC-CEE164E481A5}.Debug|Any CPU.Build.0 = Debug|Any CPU
		{15E76AFC-2205-4A63-93AC-CEE164E481A5}.Debug|ARM.ActiveCfg = Debug|Any CPU
		{15E76AFC-2205-4A63-93AC-CEE164E481A5}.Debug|ARM.Build.0 = Debug|Any CPU
		{15E76AFC-2205-4A63-93AC-CEE164E481A5}.Debug|x64.ActiveCfg = Debug|Any CPU
		{15E76AFC-2205-4A63-93AC-CEE164E481A5}.Debug|x64.Build.0 = Debug|Any CPU
		{15E76AFC-2205-4A63-93AC-CEE164E481A5}.Debug|x86.ActiveCfg = Debug|Any CPU
		{15E76AFC-2205-4A63-93AC-CEE164E481A5}.Debug|x86.Build.0 = Debug|Any CPU
		{15E76AFC-2205-4A63-93AC-CEE164E481A5}.Release|Any CPU.ActiveCfg = Release|Any CPU
		{15E76AFC-2205-4A63-93AC-CEE164E481A5}.Release|Any CPU.Build.0 = Release|Any CPU
		{15E76AFC-2205-4A63-93AC-CEE164E481A5}.Release|ARM.ActiveCfg = Release|Any CPU
		{15E76AFC-2205-4A63-93AC-CEE164E481A5}.Release|ARM.Build.0 = Release|Any CPU
		{15E76AFC-2205-4A63-93AC-CEE164E481A5}.Release|x64.ActiveCfg = Release|Any CPU
		{15E76AFC-2205-4A63-93AC-CEE164E481A5}.Release|x64.Build.0 = Release|Any CPU
		{15E76AFC-2205-4A63-93AC-CEE164E481A5}.Release|x86.ActiveCfg = Release|Any CPU
		{15E76AFC-2205-4A63-93AC-CEE164E481A5}.Release|x86.Build.0 = Release|Any CPU
	EndGlobalSection
	GlobalSection(SolutionProperties) = preSolution
		HideSolutionNode = FALSE
	EndGlobalSection
EndGlobal
